// !$*UTF8*$!
{
	archiveVersion = 1;
	classes = {
	};
	objectVersion = 50;
	objects = {

/* Begin PBXBuildFile section */
		78CD148723AF8C3A009C9A54 /* AppDelegate.m in Sources */ = {isa = PBXBuildFile; fileRef = 78CD148623AF8C3A009C9A54 /* AppDelegate.m */; };
		78CD148A23AF8C3A009C9A54 /* SceneDelegate.m in Sources */ = {isa = PBXBuildFile; fileRef = 78CD148923AF8C3A009C9A54 /* SceneDelegate.m */; };
		78CD148D23AF8C3A009C9A54 /* ViewController.m in Sources */ = {isa = PBXBuildFile; fileRef = 78CD148C23AF8C3A009C9A54 /* ViewController.m */; };
		78CD149023AF8C3A009C9A54 /* Main.storyboard in Resources */ = {isa = PBXBuildFile; fileRef = 78CD148E23AF8C3A009C9A54 /* Main.storyboard */; };
		78CD149223AF8C3B009C9A54 /* Assets.xcassets in Resources */ = {isa = PBXBuildFile; fileRef = 78CD149123AF8C3B009C9A54 /* Assets.xcassets */; };
		78CD149523AF8C3B009C9A54 /* LaunchScreen.storyboard in Resources */ = {isa = PBXBuildFile; fileRef = 78CD149323AF8C3B009C9A54 /* LaunchScreen.storyboard */; };
		78CD149823AF8C3B009C9A54 /* main.m in Sources */ = {isa = PBXBuildFile; fileRef = 78CD149723AF8C3B009C9A54 /* main.m */; };
/* End PBXBuildFile section */

/* Begin PBXFileReference section */
		78CD148223AF8C3A009C9A54 /* My First App.app */ = {isa = PBXFileReference; explicitFileType = wrapper.application; includeInIndex = 0; path = "My First App.app"; sourceTree = BUILT_PRODUCTS_DIR; };
		78CD148523AF8C3A009C9A54 /* AppDelegate.h */ = {isa = PBXFileReference; lastKnownFileType = sourcecode.c.h; path = AppDelegate.h; sourceTree = "<group>"; };
		78CD148623AF8C3A009C9A54 /* AppDelegate.m */ = {isa = PBXFileReference; lastKnownFileType = sourcecode.c.objc; path = AppDelegate.m; sourceTree = "<group>"; };
		78CD148823AF8C3A009C9A54 /* SceneDelegate.h */ = {isa = PBXFileReference; lastKnownFileType = sourcecode.c.h; path = SceneDelegate.h; sourceTree = "<group>"; };
		78CD148923AF8C3A009C9A54 /* SceneDelegate.m */ = {isa = PBXFileReference; lastKnownFileType = sourcecode.c.objc; path = SceneDelegate.m; sourceTree = "<group>"; };
		78CD148B23AF8C3A009C9A54 /* ViewController.h */ = {isa = PBXFileReference; lastKnownFileType = sourcecode.c.h; path = ViewController.h; sourceTree = "<group>"; };
		78CD148C23AF8C3A009C9A54 /* ViewController.m */ = {isa = PBXFileReference; lastKnownFileType = sourcecode.c.objc; path = ViewController.m; sourceTree = "<group>"; };
		78CD148F23AF8C3A009C9A54 /* Base */ = {isa = PBXFileReference; lastKnownFileType = file.storyboard; name = Base; path = Base.lproj/Main.storyboard; sourceTree = "<group>"; };
		78CD149123AF8C3B009C9A54 /* Assets.xcassets */ = {isa = PBXFileReference; lastKnownFileType = folder.assetcatalog; path = Assets.xcassets; sourceTree = "<group>"; };
		78CD149423AF8C3B009C9A54 /* Base */ = {isa = PBXFileReference; lastKnownFileType = file.storyboard; name = Base; path = Base.lproj/LaunchScreen.storyboard; sourceTree = "<group>"; };
		78CD149623AF8C3B009C9A54 /* Info.plist */ = {isa = PBXFileReference; lastKnownFileType = text.plist.xml; path = Info.plist; sourceTree = "<group>"; };
		78CD149723AF8C3B009C9A54 /* main.m */ = {isa = PBXFileReference; lastKnownFileType = sourcecode.c.objc; path = main.m; sourceTree = "<group>"; };
/* End PBXFileReference section */

/* Begin PBXFrameworksBuildPhase section */
		78CD147F23AF8C3A009C9A54 /* Frameworks */ = {
			isa = PBXFrameworksBuildPhase;
			buildActionMask = 2147483647;
			files = (
			);
			runOnlyForDeploymentPostprocessing = 0;
		};
/* End PBXFrameworksBuildPhase section */

/* Begin PBXGroup section */
		78CD147923AF8C3A009C9A54 = {
			isa = PBXGroup;
			children = (
				78CD148423AF8C3A009C9A54 /* My First App */,
				78CD148323AF8C3A009C9A54 /* Products */,
			);
			sourceTree = "<group>";
		};
		78CD148323AF8C3A009C9A54 /* Products */ = {
			isa = PBXGroup;
			children = (
				78CD148223AF8C3A009C9A54 /* My First App.app */,
			);
			name = Products;
			sourceTree = "<group>";
		};
		78CD148423AF8C3A009C9A54 /* My First App */ = {
			isa = PBXGroup;
			children = (
				78CD148523AF8C3A009C9A54 /* AppDelegate.h */,
				78CD148623AF8C3A009C9A54 /* AppDelegate.m */,
				78CD148823AF8C3A009C9A54 /* SceneDelegate.h */,
				78CD148923AF8C3A009C9A54 /* SceneDelegate.m */,
				78CD148B23AF8C3A009C9A54 /* ViewController.h */,
				78CD148C23AF8C3A009C9A54 /* ViewController.m */,
				78CD148E23AF8C3A009C9A54 /* Main.storyboard */,
				78CD149123AF8C3B009C9A54 /* Assets.xcassets */,
				78CD149323AF8C3B009C9A54 /* LaunchScreen.storyboard */,
				78CD149623AF8C3B009C9A54 /* Info.plist */,
				78CD149723AF8C3B009C9A54 /* main.m */,
			);
			path = "My First App";
			sourceTree = "<group>";
		};
/* End PBXGroup section */

/* Begin PBXNativeTarget section */
		78CD148123AF8C3A009C9A54 /* My First App */ = {
			isa = PBXNativeTarget;
			buildConfigurationList = 78CD149B23AF8C3B009C9A54 /* Build configuration list for PBXNativeTarget "My First App" */;
			buildPhases = (
				78CD147E23AF8C3A009C9A54 /* Sources */,
				78CD147F23AF8C3A009C9A54 /* Frameworks */,
				78CD148023AF8C3A009C9A54 /* Resources */,
			);
			buildRules = (
			);
			dependencies = (
			);
			name = "My First App";
			productName = "My First App";
			productReference = 78CD148223AF8C3A009C9A54 /* My First App.app */;
			productType = "com.apple.product-type.application";
		};
/* End PBXNativeTarget section */

/* Begin PBXProject section */
		78CD147A23AF8C3A009C9A54 /* Project object */ = {
			isa = PBXProject;
			attributes = {
				LastUpgradeCheck = 1130;
				ORGANIZATIONNAME = "Chen Levy";
				TargetAttributes = {
					78CD148123AF8C3A009C9A54 = {
						CreatedOnToolsVersion = 11.3;
					};
				};
			};
			buildConfigurationList = 78CD147D23AF8C3A009C9A54 /* Build configuration list for PBXProject "My First App" */;
			compatibilityVersion = "Xcode 9.3";
			developmentRegion = en;
			hasScannedForEncodings = 0;
			knownRegions = (
				en,
				Base,
			);
			mainGroup = 78CD147923AF8C3A009C9A54;
			productRefGroup = 78CD148323AF8C3A009C9A54 /* Products */;
			projectDirPath = "";
			projectRoot = "";
			targets = (
				78CD148123AF8C3A009C9A54 /* My First App */,
			);
		};
/* End PBXProject section */

/* Begin PBXResourcesBuildPhase section */
		78CD148023AF8C3A009C9A54 /* Resources */ = {
			isa = PBXResourcesBuildPhase;
			buildActionMask = 2147483647;
			files = (
				78CD149523AF8C3B009C9A54 /* LaunchScreen.storyboard in Resources */,
				78CD149223AF8C3B009C9A54 /* Assets.xcassets in Resources */,
				78CD149023AF8C3A009C9A54 /* Main.storyboard in Resources */,
			);
			runOnlyForDeploymentPostprocessing = 0;
		};
/* End PBXResourcesBuildPhase section */

/* Begin PBXSourcesBuildPhase section */
		78CD147E23AF8C3A009C9A54 /* Sources */ = {
			isa = PBXSourcesBuildPhase;
			buildActionMask = 2147483647;
			files = (
				78CD148D23AF8C3A009C9A54 /* ViewController.m in Sources */,
				78CD148723AF8C3A009C9A54 /* AppDelegate.m in Sources */,
				78CD149823AF8C3B009C9A54 /* main.m in Sources */,
				78CD148A23AF8C3A009C9A54 /* SceneDelegate.m in Sources */,
			);
			runOnlyForDeploymentPostprocessing = 0;
		};
/* End PBXSourcesBuildPhase section */

/* Begin PBXVariantGroup section */
		78CD148E23AF8C3A009C9A54 /* Main.storyboard */ = {
			isa = PBXVariantGroup;
			children = (
				78CD148F23AF8C3A009C9A54 /* Base */,
			);
			name = Main.storyboard;
			sourceTree = "<group>";
		};
		78CD149323AF8C3B009C9A54 /* LaunchScreen.storyboard */ = {
			isa = PBXVariantGroup;
			children = (
				78CD149423AF8C3B009C9A54 /* Base */,
			);
			name = LaunchScreen.storyboard;
			sourceTree = "<group>";
		};
/* End PBXVariantGroup section */

/* Begin XCBuildConfiguration section */
		78CD149923AF8C3B009C9A54 /* Debug */ = {
			isa = XCBuildConfiguration;
			buildSettings = {
				ALWAYS_SEARCH_USER_PATHS = NO;
				CLANG_ANALYZER_NONNULL = YES;
				CLANG_ANALYZER_NUMBER_OBJECT_CONVERSION = YES_AGGRESSIVE;
				CLANG_CXX_LANGUAGE_STANDARD = "gnu++14";
				CLANG_CXX_LIBRARY = "libc++";
				CLANG_ENABLE_MODULES = YES;
				CLANG_ENABLE_OBJC_ARC = YES;
				CLANG_ENABLE_OBJC_WEAK = YES;
				CLANG_WARN_BLOCK_CAPTURE_AUTORELEASING = YES;
				CLANG_WARN_BOOL_CONVERSION = YES;
				CLANG_WARN_COMMA = YES;
				CLANG_WARN_CONSTANT_CONVERSION = YES;
				CLANG_WARN_DEPRECATED_OBJC_IMPLEMENTATIONS = YES;
				CLANG_WARN_DIRECT_OBJC_ISA_USAGE = YES_ERROR;
				CLANG_WARN_DOCUMENTATION_COMMENTS = YES;
				CLANG_WARN_EMPTY_BODY = YES;
				CLANG_WARN_ENUM_CONVERSION = YES;
				CLANG_WARN_INFINITE_RECURSION = YES;
				CLANG_WARN_INT_CONVERSION = YES;
				CLANG_WARN_NON_LITERAL_NULL_CONVERSION = YES;
				CLANG_WARN_OBJC_IMPLICIT_RETAIN_SELF = YES;
				CLANG_WARN_OBJC_LITERAL_CONVERSION = YES;
				CLANG_WARN_OBJC_ROOT_CLASS = YES_ERROR;
				CLANG_WARN_RANGE_LOOP_ANALYSIS = YES;
				CLANG_WARN_STRICT_PROTOTYPES = YES;
				CLANG_WARN_SUSPICIOUS_MOVE = YES;
				CLANG_WARN_UNGUARDED_AVAILABILITY = YES_AGGRESSIVE;
				CLANG_WARN_UNREACHABLE_CODE = YES;
				CLANG_WARN__DUPLICATE_METHOD_MATCH = YES;
				COPY_PHASE_STRIP = NO;
				DEBUG_INFORMATION_FORMAT = dwarf;
				ENABLE_STRICT_OBJC_MSGSEND = YES;
				ENABLE_TESTABILITY = YES;
				GCC_C_LANGUAGE_STANDARD = gnu11;
				GCC_DYNAMIC_NO_PIC = NO;
				GCC_NO_COMMON_BLOCKS = YES;
				GCC_OPTIMIZATION_LEVEL = 0;
				GCC_PREPROCESSOR_DEFINITIONS = (
					"DEBUG=1",
					"$(inherited)",
				);
				GCC_WARN_64_TO_32_BIT_CONVERSION = YES;
				GCC_WARN_ABOUT_RETURN_TYPE = YES_ERROR;
				GCC_WARN_UNDECLARED_SELECTOR = YES;
				GCC_WARN_UNINITIALIZED_AUTOS = YES_AGGRESSIVE;
				GCC_WARN_UNUSED_FUNCTION = YES;
				GCC_WARN_UNUSED_VARIABLE = YES;
				IPHONEOS_DEPLOYMENT_TARGET = 13.2;
				MTL_ENABLE_DEBUG_INFO = INCLUDE_SOURCE;
				MTL_FAST_MATH = YES;
				ONLY_ACTIVE_ARCH = YES;
				SDKROOT = iphoneos;
			};
			name = Debug;
		};
		78CD149A23AF8C3B009C9A54 /* Release */ = {
			isa = XCBuildConfiguration;
			buildSettings = {
				ALWAYS_SEARCH_USER_PATHS = NO;
				CLANG_ANALYZER_NONNULL = YES;
				CLANG_ANALYZER_NUMBER_OBJECT_CONVERSION = YES_AGGRESSIVE;
				CLANG_CXX_LANGUAGE_STANDARD = "gnu++14";
				CLANG_CXX_LIBRARY = "libc++";
				CLANG_ENABLE_MODULES = YES;
				CLANG_ENABLE_OBJC_ARC = YES;
				CLANG_ENABLE_OBJC_WEAK = YES;
				CLANG_WARN_BLOCK_CAPTURE_AUTORELEASING = YES;
				CLANG_WARN_BOOL_CONVERSION = YES;
				CLANG_WARN_COMMA = YES;
				CLANG_WARN_CONSTANT_CONVERSION = YES;
				CLANG_WARN_DEPRECATED_OBJC_IMPLEMENTATIONS = YES;
				CLANG_WARN_DIRECT_OBJC_ISA_USAGE = YES_ERROR;
				CLANG_WARN_DOCUMENTATION_COMMENTS = YES;
				CLANG_WARN_EMPTY_BODY = YES;
				CLANG_WARN_ENUM_CONVERSION = YES;
				CLANG_WARN_INFINITE_RECURSION = YES;
				CLANG_WARN_INT_CONVERSION = YES;
				CLANG_WARN_NON_LITERAL_NULL_CONVERSION = YES;
				CLANG_WARN_OBJC_IMPLICIT_RETAIN_SELF = YES;
				CLANG_WARN_OBJC_LITERAL_CONVERSION = YES;
				CLANG_WARN_OBJC_ROOT_CLASS = YES_ERROR;
				CLANG_WARN_RANGE_LOOP_ANALYSIS = YES;
				CLANG_WARN_STRICT_PROTOTYPES = YES;
				CLANG_WARN_SUSPICIOUS_MOVE = YES;
				CLANG_WARN_UNGUARDED_AVAILABILITY = YES_AGGRESSIVE;
				CLANG_WARN_UNREACHABLE_CODE = YES;
				CLANG_WARN__DUPLICATE_METHOD_MATCH = YES;
				COPY_PHASE_STRIP = NO;
				DEBUG_INFORMATION_FORMAT = "dwarf-with-dsym";
				ENABLE_NS_ASSERTIONS = NO;
				ENABLE_STRICT_OBJC_MSGSEND = YES;
				GCC_C_LANGUAGE_STANDARD = gnu11;
				GCC_NO_COMMON_BLOCKS = YES;
				GCC_WARN_64_TO_32_BIT_CONVERSION = YES;
				GCC_WARN_ABOUT_RETURN_TYPE = YES_ERROR;
				GCC_WARN_UNDECLARED_SELECTOR = YES;
				GCC_WARN_UNINITIALIZED_AUTOS = YES_AGGRESSIVE;
				GCC_WARN_UNUSED_FUNCTION = YES;
				GCC_WARN_UNUSED_VARIABLE = YES;
				IPHONEOS_DEPLOYMENT_TARGET = 13.2;
				MTL_ENABLE_DEBUG_INFO = NO;
				MTL_FAST_MATH = YES;
				SDKROOT = iphoneos;
				VALIDATE_PRODUCT = YES;
			};
			name = Release;
		};
		78CD149C23AF8C3B009C9A54 /* Debug */ = {
			isa = XCBuildConfiguration;
			buildSettings = {
				ASSETCATALOG_COMPILER_APPICON_NAME = AppIcon;
				CODE_SIGN_STYLE = Automatic;
				INFOPLIST_FILE = "My First App/Info.plist";
				LD_RUNPATH_SEARCH_PATHS = (
					"$(inherited)",
					"@executable_path/Frameworks",
				);
				PRODUCT_BUNDLE_IDENTIFIER = "V.My-First-App";
				PRODUCT_NAME = "$(TARGET_NAME)";
				TARGETED_DEVICE_FAMILY = "1,2";
			};
			name = Debug;
		};
		78CD149D23AF8C3B009C9A54 /* Release */ = {
			isa = XCBuildConfiguration;
			buildSettings = {
				ASSETCATALOG_COMPILER_APPICON_NAME = AppIcon;
				CODE_SIGN_STYLE = Automatic;
				INFOPLIST_FILE = "My First App/Info.plist";
				LD_RUNPATH_SEARCH_PATHS = (
					"$(inherited)",
					"@executable_path/Frameworks",
				);
				PRODUCT_BUNDLE_IDENTIFIER = "V.My-First-App";
				PRODUCT_NAME = "$(TARGET_NAME)";
				TARGETED_DEVICE_FAMILY = "1,2";
			};
			name = Release;
		};
/* End XCBuildConfiguration section */

/* Begin XCConfigurationList section */
		78CD147D23AF8C3A009C9A54 /* Build configuration list for PBXProject "My First App" */ = {
			isa = XCConfigurationList;
			buildConfigurations = (
				78CD149923AF8C3B009C9A54 /* Debug */,
				78CD149A23AF8C3B009C9A54 /* Release */,
			);
			defaultConfigurationIsVisible = 0;
			defaultConfigurationName = Release;
		};
		78CD149B23AF8C3B009C9A54 /* Build configuration list for PBXNativeTarget "My First App" */ = {
			isa = XCConfigurationList;
			buildConfigurations = (
				78CD149C23AF8C3B009C9A54 /* Debug */,
				78CD149D23AF8C3B009C9A54 /* Release */,
			);
			defaultConfigurationIsVisible = 0;
			defaultConfigurationName = Release;
		};
/* End XCConfigurationList section */
	};
	rootObject = 78CD147A23AF8C3A009C9A54 /* Project object */;
}
